
Microsoft Visual Studio Solution File, Format Version 12.00
# Visual Studio Version 16
VisualStudioVersion = 16.0.33027.164
MinimumVisualStudioVersion = 10.0.40219.1
Project("{9A19103F-16F7-4668-BE54-9A1E7A4F7556}") = "ApiBase", "ApiBase\ApiBase.csproj", "{8DC237F1-0A89-4529-AA4E-23AD1213DAC6}"
EndProject
Project("{2150E333-8FDC-42A3-9474-1A3956D46DE8}") = "3 - Service", "3 - Service", "{D4ECDBD3-4C40-4825-BC19-C2FACD8CE8B3}"
EndProject
Project("{2150E333-8FDC-42A3-9474-1A3956D46DE8}") = "1 - Application", "1 - Application", "{18F12473-119E-4A70-B410-E433A1F10F73}"
EndProject
Project("{2150E333-8FDC-42A3-9474-1A3956D46DE8}") = "2 - Domain", "2 - Domain", "{68DF99DD-9228-4AD6-849B-54214945AAF6}"
EndProject
Project("{2150E333-8FDC-42A3-9474-1A3956D46DE8}") = "4  - Infra", "4  - Infra", "{2F7106F9-8F59-4A8B-A312-29C8A24B0BB2}"
EndProject
Project("{9A19103F-16F7-4668-BE54-9A1E7A4F7556}") = "ApiBase.Domain", "ApiBase.Domain\ApiBase.Domain.csproj", "{E1536D0B-52D3-43A4-8AB2-FF62E39D7249}"
EndProject
Project("{9A19103F-16F7-4668-BE54-9A1E7A4F7556}") = "ApiBase.Infra.Data", "ApiBase.Infra.Data\ApiBase.Infra.Data.csproj", "{A66F6D7F-F06D-428D-A443-E1359FA456C7}"
EndProject
Project("{2150E333-8FDC-42A3-9474-1A3956D46DE8}") = "4.1 - Data", "4.1 - Data", "{AFECDAA3-901E-4DE6-8910-458E2728EF46}"
EndProject
Project("{2150E333-8FDC-42A3-9474-1A3956D46DE8}") = "4.2 - CrossCutting", "4.2 - CrossCutting", "{3C5AC414-1D99-4AA1-92CB-F92B5CB1EB2D}"
EndProject
Project("{9A19103F-16F7-4668-BE54-9A1E7A4F7556}") = "ApiBase.Infra.CrossCutting", "ApiBase.Infra.CrossCutting\ApiBase.Infra.CrossCutting.csproj", "{521B3E6A-199C-4C4A-A0C9-9B5327ED8A2D}"
EndProject
Project("{9A19103F-16F7-4668-BE54-9A1E7A4F7556}") = "ApiBase.Service", "ApiBase.Service\ApiBase.Service.csproj", "{374FBE9F-5BC3-4070-A201-27D6980D53B8}"
EndProject
Project("{2150E333-8FDC-42A3-9474-1A3956D46DE8}") = "5 - Test", "5 - Test", "{A80838D2-3299-4479-AFAF-E6B3FA3802CA}"
EndProject
Project("{FAE04EC0-301F-11D3-BF4B-00C04F79EFBC}") = "ApiBase.Test", "ApiBase.Test\ApiBase.Test.csproj", "{9BB7D429-1FF8-4A2E-90E9-06A0D0F1101D}"
EndProject
Global
	GlobalSection(SolutionConfigurationPlatforms) = preSolution
		Debug|Any CPU = Debug|Any CPU
		Release|Any CPU = Release|Any CPU
	EndGlobalSection
	GlobalSection(ProjectConfigurationPlatforms) = postSolution
		{8DC237F1-0A89-4529-AA4E-23AD1213DAC6}.Debug|Any CPU.ActiveCfg = Debug|Any CPU
		{8DC237F1-0A89-4529-AA4E-23AD1213DAC6}.Debug|Any CPU.Build.0 = Debug|Any CPU
		{8DC237F1-0A89-4529-AA4E-23AD1213DAC6}.Release|Any CPU.ActiveCfg = Release|Any CPU
		{8DC237F1-0A89-4529-AA4E-23AD1213DAC6}.Release|Any CPU.Build.0 = Release|Any CPU
		{E1536D0B-52D3-43A4-8AB2-FF62E39D7249}.Debug|Any CPU.ActiveCfg = Debug|Any CPU
		{E1536D0B-52D3-43A4-8AB2-FF62E39D7249}.Debug|Any CPU.Build.0 = Debug|Any CPU
		{E1536D0B-52D3-43A4-8AB2-FF62E39D7249}.Release|Any CPU.ActiveCfg = Release|Any CPU
		{E1536D0B-52D3-43A4-8AB2-FF62E39D7249}.Release|Any CPU.Build.0 = Release|Any CPU
		{A66F6D7F-F06D-428D-A443-E1359FA456C7}.Debug|Any CPU.ActiveCfg = Debug|Any CPU
		{A66F6D7F-F06D-428D-A443-E1359FA456C7}.Debug|Any CPU.Build.0 = Debug|Any CPU
		{A66F6D7F-F06D-428D-A443-E1359FA456C7}.Release|Any CPU.ActiveCfg = Release|Any CPU
		{A66F6D7F-F06D-428D-A443-E1359FA456C7}.Release|Any CPU.Build.0 = Release|Any CPU
		{521B3E6A-199C-4C4A-A0C9-9B5327ED8A2D}.Debug|Any CPU.ActiveCfg = Debug|Any CPU
		{521B3E6A-199C-4C4A-A0C9-9B5327ED8A2D}.Debug|Any CPU.Build.0 = Debug|Any CPU
		{521B3E6A-199C-4C4A-A0C9-9B5327ED8A2D}.Release|Any CPU.ActiveCfg = Release|Any CPU
		{521B3E6A-199C-4C4A-A0C9-9B5327ED8A2D}.Release|Any CPU.Build.0 = Release|Any CPU
		{374FBE9F-5BC3-4070-A201-27D6980D53B8}.Debug|Any CPU.ActiveCfg = Debug|Any CPU
		{374FBE9F-5BC3-4070-A201-27D6980D53B8}.Debug|Any CPU.Build.0 = Debug|Any CPU
		{374FBE9F-5BC3-4070-A201-27D6980D53B8}.Release|Any CPU.ActiveCfg = Release|Any CPU
		{374FBE9F-5BC3-4070-A201-27D6980D53B8}.Release|Any CPU.Build.0 = Release|Any CPU
		{9BB7D429-1FF8-4A2E-90E9-06A0D0F1101D}.Debug|Any CPU.ActiveCfg = Debug|Any CPU
		{9BB7D429-1FF8-4A2E-90E9-06A0D0F1101D}.Debug|Any CPU.Build.0 = Debug|Any CPU
		{9BB7D429-1FF8-4A2E-90E9-06A0D0F1101D}.Release|Any CPU.ActiveCfg = Release|Any CPU
		{9BB7D429-1FF8-4A2E-90E9-06A0D0F1101D}.Release|Any CPU.Build.0 = Release|Any CPU
	EndGlobalSection
	GlobalSection(SolutionProperties) = preSolution
		HideSolutionNode = FALSE
	EndGlobalSection
	GlobalSection(NestedProjects) = preSolution
		{8DC237F1-0A89-4529-AA4E-23AD1213DAC6} = {18F12473-119E-4A70-B410-E433A1F10F73}
		{E1536D0B-52D3-43A4-8AB2-FF62E39D7249} = {68DF99DD-9228-4AD6-849B-54214945AAF6}
		{A66F6D7F-F06D-428D-A443-E1359FA456C7} = {AFECDAA3-901E-4DE6-8910-458E2728EF46}
		{AFECDAA3-901E-4DE6-8910-458E2728EF46} = {2F7106F9-8F59-4A8B-A312-29C8A24B0BB2}
		{3C5AC414-1D99-4AA1-92CB-F92B5CB1EB2D} = {2F7106F9-8F59-4A8B-A312-29C8A24B0BB2}
		{521B3E6A-199C-4C4A-A0C9-9B5327ED8A2D} = {3C5AC414-1D99-4AA1-92CB-F92B5CB1EB2D}
		{374FBE9F-5BC3-4070-A201-27D6980D53B8} = {D4ECDBD3-4C40-4825-BC19-C2FACD8CE8B3}
		{9BB7D429-1FF8-4A2E-90E9-06A0D0F1101D} = {A80838D2-3299-4479-AFAF-E6B3FA3802CA}
	EndGlobalSection
	GlobalSection(ExtensibilityGlobals) = postSolution
		SolutionGuid = {1F0749E1-5CF8-47B3-AE89-D3F7120A86E8}
	EndGlobalSection
EndGlobal
